
Microsoft Visual Studio Solution File, Format Version 12.00
# Visual Studio Version 17
VisualStudioVersion = 17.8.34408.163
MinimumVisualStudioVersion = 10.0.40219.1
Project("{FAE04EC0-301F-11D3-BF4B-00C04F79EFBC}") = "Minutes of Meeting", "Minutes of Meeting\Minutes of Meeting.csproj", "{3C711395-8250-4897-9973-8FE07CD276E8}"
EndProject
Project("{FAE04EC0-301F-11D3-BF4B-00C04F79EFBC}") = "MOMC_PROJECT", "MOMC_PROJECT\MOMC_PROJECT.csproj", "{F66B4539-E22E-4C59-972B-DC9F24149B53}"
EndProject
Global
	GlobalSection(SolutionConfigurationPlatforms) = preSolution
		Debug|Any CPU = Debug|Any CPU
		Release|Any CPU = Release|Any CPU
	EndGlobalSection
	GlobalSection(ProjectConfigurationPlatforms) = postSolution
		{3C711395-8250-4897-9973-8FE07CD276E8}.Debug|Any CPU.ActiveCfg = Debug|Any CPU
		{3C711395-8250-4897-9973-8FE07CD276E8}.Debug|Any CPU.Build.0 = Debug|Any CPU
		{3C711395-8250-4897-9973-8FE07CD276E8}.Release|Any CPU.ActiveCfg = Release|Any CPU
		{3C711395-8250-4897-9973-8FE07CD276E8}.Release|Any CPU.Build.0 = Release|Any CPU
		{F66B4539-E22E-4C59-972B-DC9F24149B53}.Debug|Any CPU.ActiveCfg = Debug|Any CPU
		{F66B4539-E22E-4C59-972B-DC9F24149B53}.Debug|Any CPU.Build.0 = Debug|Any CPU
		{F66B4539-E22E-4C59-972B-DC9F24149B53}.Release|Any CPU.ActiveCfg = Release|Any CPU
		{F66B4539-E22E-4C59-972B-DC9F24149B53}.Release|Any CPU.Build.0 = Release|Any CPU
	EndGlobalSection
	GlobalSection(SolutionProperties) = preSolution
		HideSolutionNode = FALSE
	EndGlobalSection
	GlobalSection(ExtensibilityGlobals) = postSolution
		SolutionGuid = {E485508B-857A-48CE-BC7D-C25670375576}
	EndGlobalSection
EndGlobal
